
Microsoft Visual Studio Solution File, Format Version 12.00
# Visual Studio 15
VisualStudioVersion = 15.0.28307.757
MinimumVisualStudioVersion = 10.0.40219.1
Project("{FAE04EC0-301F-11D3-BF4B-00C04F79EFBC}") = "Practica 7", "Practica 7\Practica 7.csproj", "{8F5C079B-C9A2-4999-936E-930FC87BEE60}"
EndProject
Global
	GlobalSection(SolutionConfigurationPlatforms) = preSolution
		Debug|Any CPU = Debug|Any CPU
		Release|Any CPU = Release|Any CPU
	EndGlobalSection
	GlobalSection(ProjectConfigurationPlatforms) = postSolution
		{8F5C079B-C9A2-4999-936E-930FC87BEE60}.Debug|Any CPU.ActiveCfg = Debug|Any CPU
		{8F5C079B-C9A2-4999-936E-930FC87BEE60}.Debug|Any CPU.Build.0 = Debug|Any CPU
		{8F5C079B-C9A2-4999-936E-930FC87BEE60}.Release|Any CPU.ActiveCfg = Release|Any CPU
		{8F5C079B-C9A2-4999-936E-930FC87BEE60}.Release|Any CPU.Build.0 = Release|Any CPU
	EndGlobalSection
	GlobalSection(SolutionProperties) = preSolution
		HideSolutionNode = FALSE
	EndGlobalSection
	GlobalSection(ExtensibilityGlobals) = postSolution
		SolutionGuid = {5F0EF16D-8B95-4027-BB63-D85DDF603DFD}
	EndGlobalSection
EndGlobal
